
Microsoft Visual Studio Solution File, Format Version 12.00
# Visual Studio Version 16
VisualStudioVersion = 16.0.810.9
MinimumVisualStudioVersion = 10.0.40219.1
Project("{FAE04EC0-301F-11D3-BF4B-00C04F79EFBC}") = "WorldCities", "WorldCities.csproj", "{55B81825-21A5-46D4-970E-498EECD8FD55}"
EndProject
Global
	GlobalSection(SolutionConfigurationPlatforms) = preSolution
		Debug|Any CPU = Debug|Any CPU
		Release|Any CPU = Release|Any CPU
	EndGlobalSection
	GlobalSection(ProjectConfigurationPlatforms) = postSolution
		{55B81825-21A5-46D4-970E-498EECD8FD55}.Debug|Any CPU.ActiveCfg = Debug|Any CPU
		{55B81825-21A5-46D4-970E-498EECD8FD55}.Debug|Any CPU.Build.0 = Debug|Any CPU
		{55B81825-21A5-46D4-970E-498EECD8FD55}.Release|Any CPU.ActiveCfg = Release|Any CPU
		{55B81825-21A5-46D4-970E-498EECD8FD55}.Release|Any CPU.Build.0 = Release|Any CPU
	EndGlobalSection
	GlobalSection(SolutionProperties) = preSolution
		HideSolutionNode = FALSE
	EndGlobalSection
	GlobalSection(ExtensibilityGlobals) = postSolution
		SolutionGuid = {4E58A430-E137-44B4-9CE2-01D524305E01}
	EndGlobalSection
EndGlobal
